Microsoft Visual Studio Solution File, Format Version 12.00
# Visual Studio Version 17
VisualStudioVersion = 17.12.35707.178
MinimumVisualStudioVersion = 10.0.40219.1
Project("{FAE04EC0-301F-11D3-BF4B-00C04F79EFBC}") = "TaskPilot", "TaskPilot\TaskPilot.csproj", "{652B2A36-B455-49B5-8B9E-7691548F2B34}"
EndProject
Project("{FAE04EC0-301F-11D3-BF4B-00C04F79EFBC}") = "Expando", "Expando\Expando.csproj", "{99DA787B-527F-4F06-B307-840F94211183}"
EndProject
Project("{FAE04EC0-301F-11D3-BF4B-00C04F79EFBC}") = "FZCore", "FZCore\FZCore.csproj", "{86693C7C-F0A7-467B-A5E6-63E9F28F836D}"
EndProject
Project("{FAE04EC0-301F-11D3-BF4B-00C04F79EFBC}") = "RipTide", "RipTide\RipTide.csproj", "{7B112E4C-93CC-4EF0-BE1B-C306ED496BBD}"
EndProject
Project("{FAE04EC0-301F-11D3-BF4B-00C04F79EFBC}") = "VaultPack", "VaultPack\VaultPack.csproj", "{6545E394-AC7F-4418-832E-F881AE56104E}"
EndProject
Project("{FAE04EC0-301F-11D3-BF4B-00C04F79EFBC}") = "ResourceRadar", "ResourceRadar\ResourceRadar.csproj", "{8FA49B77-6FA8-414D-8BD2-A03B3EA46E99}"
EndProject
Project("{FAE04EC0-301F-11D3-BF4B-00C04F79EFBC}") = "PassFort", "PassFort\PassFort.csproj", "{AF8C6136-883E-42A1-BC43-AB19BA63C0D0}"
EndProject
Project("{FAE04EC0-301F-11D3-BF4B-00C04F79EFBC}") = "UpDate", "UpDate\UpDate.csproj", "{DF9CC96B-BE17-4448-B219-F870ACAD2DD9}"
EndProject
Global
	GlobalSection(SolutionConfigurationPlatforms) = preSolution
		Debug|Any CPU = Debug|Any CPU
		Debug|x64 = Debug|x64
		Release|Any CPU = Release|Any CPU
		Release|x64 = Release|x64
	EndGlobalSection
	GlobalSection(ProjectConfigurationPlatforms) = postSolution
		{652B2A36-B455-49B5-8B9E-7691548F2B34}.Debug|Any CPU.ActiveCfg = Debug|Any CPU
		{652B2A36-B455-49B5-8B9E-7691548F2B34}.Debug|Any CPU.Build.0 = Debug|Any CPU
		{652B2A36-B455-49B5-8B9E-7691548F2B34}.Debug|x64.ActiveCfg = Debug|x64
		{652B2A36-B455-49B5-8B9E-7691548F2B34}.Debug|x64.Build.0 = Debug|x64
		{652B2A36-B455-49B5-8B9E-7691548F2B34}.Release|Any CPU.ActiveCfg = Release|Any CPU
		{652B2A36-B455-49B5-8B9E-7691548F2B34}.Release|Any CPU.Build.0 = Release|Any CPU
		{652B2A36-B455-49B5-8B9E-7691548F2B34}.Release|x64.ActiveCfg = Release|x64
		{652B2A36-B455-49B5-8B9E-7691548F2B34}.Release|x64.Build.0 = Release|x64
		{99DA787B-527F-4F06-B307-840F94211183}.Debug|Any CPU.ActiveCfg = Debug|Any CPU
		{99DA787B-527F-4F06-B307-840F94211183}.Debug|Any CPU.Build.0 = Debug|Any CPU
		{99DA787B-527F-4F06-B307-840F94211183}.Debug|x64.ActiveCfg = Debug|x64
		{99DA787B-527F-4F06-B307-840F94211183}.Debug|x64.Build.0 = Debug|x64
		{99DA787B-527F-4F06-B307-840F94211183}.Release|Any CPU.ActiveCfg = Release|Any CPU
		{99DA787B-527F-4F06-B307-840F94211183}.Release|Any CPU.Build.0 = Release|Any CPU
		{99DA787B-527F-4F06-B307-840F94211183}.Release|x64.ActiveCfg = Release|Any CPU
		{99DA787B-527F-4F06-B307-840F94211183}.Release|x64.Build.0 = Release|Any CPU
		{86693C7C-F0A7-467B-A5E6-63E9F28F836D}.Debug|Any CPU.ActiveCfg = Debug|Any CPU
		{86693C7C-F0A7-467B-A5E6-63E9F28F836D}.Debug|Any CPU.Build.0 = Debug|Any CPU
		{86693C7C-F0A7-467B-A5E6-63E9F28F836D}.Debug|x64.ActiveCfg = Debug|x64
		{86693C7C-F0A7-467B-A5E6-63E9F28F836D}.Debug|x64.Build.0 = Debug|x64
		{86693C7C-F0A7-467B-A5E6-63E9F28F836D}.Release|Any CPU.ActiveCfg = Release|Any CPU
		{86693C7C-F0A7-467B-A5E6-63E9F28F836D}.Release|Any CPU.Build.0 = Release|Any CPU
		{86693C7C-F0A7-467B-A5E6-63E9F28F836D}.Release|x64.ActiveCfg = Release|Any CPU
		{86693C7C-F0A7-467B-A5E6-63E9F28F836D}.Release|x64.Build.0 = Release|Any CPU
		{7B112E4C-93CC-4EF0-BE1B-C306ED496BBD}.Debug|Any CPU.ActiveCfg = Debug|Any CPU
		{7B112E4C-93CC-4EF0-BE1B-C306ED496BBD}.Debug|Any CPU.Build.0 = Debug|Any CPU
		{7B112E4C-93CC-4EF0-BE1B-C306ED496BBD}.Debug|x64.ActiveCfg = Debug|x64
		{7B112E4C-93CC-4EF0-BE1B-C306ED496BBD}.Debug|x64.Build.0 = Debug|x64
		{7B112E4C-93CC-4EF0-BE1B-C306ED496BBD}.Release|Any CPU.ActiveCfg = Release|Any CPU
		{7B112E4C-93CC-4EF0-BE1B-C306ED496BBD}.Release|Any CPU.Build.0 = Release|Any CPU
		{7B112E4C-93CC-4EF0-BE1B-C306ED496BBD}.Release|x64.ActiveCfg = Release|Any CPU
		{7B112E4C-93CC-4EF0-BE1B-C306ED496BBD}.Release|x64.Build.0 = Release|Any CPU
		{6545E394-AC7F-4418-832E-F881AE56104E}.Debug|Any CPU.ActiveCfg = Debug|Any CPU
		{6545E394-AC7F-4418-832E-F881AE56104E}.Debug|Any CPU.Build.0 = Debug|Any CPU
		{6545E394-AC7F-4418-832E-F881AE56104E}.Debug|x64.ActiveCfg = Debug|x64
		{6545E394-AC7F-4418-832E-F881AE56104E}.Debug|x64.Build.0 = Debug|x64
		{6545E394-AC7F-4418-832E-F881AE56104E}.Release|Any CPU.ActiveCfg = Release|Any CPU
		{6545E394-AC7F-4418-832E-F881AE56104E}.Release|Any CPU.Build.0 = Release|Any CPU
		{6545E394-AC7F-4418-832E-F881AE56104E}.Release|x64.ActiveCfg = Release|Any CPU
		{6545E394-AC7F-4418-832E-F881AE56104E}.Release|x64.Build.0 = Release|Any CPU
		{8FA49B77-6FA8-414D-8BD2-A03B3EA46E99}.Debug|Any CPU.ActiveCfg = Debug|Any CPU
		{8FA49B77-6FA8-414D-8BD2-A03B3EA46E99}.Debug|Any CPU.Build.0 = Debug|Any CPU
		{8FA49B77-6FA8-414D-8BD2-A03B3EA46E99}.Debug|x64.ActiveCfg = Debug|x64
		{8FA49B77-6FA8-414D-8BD2-A03B3EA46E99}.Debug|x64.Build.0 = Debug|x64
		{8FA49B77-6FA8-414D-8BD2-A03B3EA46E99}.Release|Any CPU.ActiveCfg = Release|Any CPU
		{8FA49B77-6FA8-414D-8BD2-A03B3EA46E99}.Release|Any CPU.Build.0 = Release|Any CPU
		{8FA49B77-6FA8-414D-8BD2-A03B3EA46E99}.Release|x64.ActiveCfg = Release|Any CPU
		{8FA49B77-6FA8-414D-8BD2-A03B3EA46E99}.Release|x64.Build.0 = Release|Any CPU
		{AF8C6136-883E-42A1-BC43-AB19BA63C0D0}.Debug|Any CPU.ActiveCfg = Debug|Any CPU
		{AF8C6136-883E-42A1-BC43-AB19BA63C0D0}.Debug|Any CPU.Build.0 = Debug|Any CPU
		{AF8C6136-883E-42A1-BC43-AB19BA63C0D0}.Debug|x64.ActiveCfg = Debug|x64
		{AF8C6136-883E-42A1-BC43-AB19BA63C0D0}.Debug|x64.Build.0 = Debug|x64
		{AF8C6136-883E-42A1-BC43-AB19BA63C0D0}.Release|Any CPU.ActiveCfg = Release|Any CPU
		{AF8C6136-883E-42A1-BC43-AB19BA63C0D0}.Release|Any CPU.Build.0 = Release|Any CPU
		{AF8C6136-883E-42A1-BC43-AB19BA63C0D0}.Release|x64.ActiveCfg = Release|Any CPU
		{AF8C6136-883E-42A1-BC43-AB19BA63C0D0}.Release|x64.Build.0 = Release|Any CPU
		{DF9CC96B-BE17-4448-B219-F870ACAD2DD9}.Debug|Any CPU.ActiveCfg = Debug|Any CPU
		{DF9CC96B-BE17-4448-B219-F870ACAD2DD9}.Debug|Any CPU.Build.0 = Debug|Any CPU
		{DF9CC96B-BE17-4448-B219-F870ACAD2DD9}.Debug|x64.ActiveCfg = Debug|Any CPU
		{DF9CC96B-BE17-4448-B219-F870ACAD2DD9}.Debug|x64.Build.0 = Debug|Any CPU
		{DF9CC96B-BE17-4448-B219-F870ACAD2DD9}.Release|Any CPU.ActiveCfg = Release|Any CPU
		{DF9CC96B-BE17-4448-B219-F870ACAD2DD9}.Release|Any CPU.Build.0 = Release|Any CPU
		{DF9CC96B-BE17-4448-B219-F870ACAD2DD9}.Release|x64.ActiveCfg = Release|Any CPU
		{DF9CC96B-BE17-4448-B219-F870ACAD2DD9}.Release|x64.Build.0 = Release|Any CPU
	EndGlobalSection
	GlobalSection(SolutionProperties) = preSolution
		HideSolutionNode = FALSE
	EndGlobalSection
	GlobalSection(ExtensibilityGlobals) = postSolution
		SolutionGuid = {9232F2D8-8E0E-4369-8D47-7B7237471DD2}
	EndGlobalSection
EndGlobal
